
Microsoft Visual Studio Solution File, Format Version 12.00
# Visual Studio Version 16
VisualStudioVersion = 16.0.29709.97
MinimumVisualStudioVersion = 10.0.40219.1
Project("{9A19103F-16F7-4668-BE54-9A1E7A4F7556}") = "Sample.Users", "src\Services\Sample.Users\Sample.Users.csproj", "{EDADDA4A-01D1-475F-832C-55AC0FEBDCB8}"
EndProject
Project("{2150E333-8FDC-42A3-9474-1A3956D46DE8}") = "Services", "Services", "{F2ACD9BD-1185-4376-893F-6AA109DB7BA4}"
EndProject
Project("{9A19103F-16F7-4668-BE54-9A1E7A4F7556}") = "Sample.Catalog", "src\Services\Sample.Catalog\Sample.Catalog.csproj", "{94277C54-425A-448D-AC23-3176AABBD916}"
EndProject
Project("{9A19103F-16F7-4668-BE54-9A1E7A4F7556}") = "Sample.Basket", "src\Services\Sample.Basket\Sample.Basket.csproj", "{DAA0E965-2B2C-49BB-BDE3-7E8A3F4067BB}"
EndProject
Project("{9A19103F-16F7-4668-BE54-9A1E7A4F7556}") = "Sample.Ordering", "src\Services\Sample.Ordering\Sample.Ordering.csproj", "{AF67F399-1BFA-43CF-AFA1-5EA386AEF5CE}"
EndProject
Project("{2150E333-8FDC-42A3-9474-1A3956D46DE8}") = "Solution Items", "Solution Items", "{1A896EFC-2C13-4124-B5C8-33B448414A66}"
	ProjectSection(SolutionItems) = preProject
		.editorconfig = .editorconfig
		docker-compose.yml = docker-compose.yml
	EndProjectSection
EndProject
Project("{2150E333-8FDC-42A3-9474-1A3956D46DE8}") = "ApiGateways", "ApiGateways", "{0C0BB69A-E978-41C7-BD72-2CC342577A2C}"
EndProject
Project("{9A19103F-16F7-4668-BE54-9A1E7A4F7556}") = "Sample.ApiGateway", "src\Gateways\Sample.ApiGateway\Sample.ApiGateway.csproj", "{9423C703-389F-41CF-8C15-1030E2D525AB}"
EndProject
Project("{2150E333-8FDC-42A3-9474-1A3956D46DE8}") = "Libs", "Libs", "{71778EA3-293B-401C-9C90-9ED1E91B57AC}"
EndProject
Project("{9A19103F-16F7-4668-BE54-9A1E7A4F7556}") = "Sample.Basket.Domain", "src\Libs\Sample.Basket.Domain\Sample.Basket.Domain.csproj", "{A562FBB9-F800-481D-887B-0D4013EB5940}"
EndProject
Project("{9A19103F-16F7-4668-BE54-9A1E7A4F7556}") = "Sample.Users.Domain", "src\Libs\Sample.Users.Domain\Sample.Users.Domain.csproj", "{74EC9696-3DE6-4183-8545-827F51AFFB5C}"
EndProject
Project("{9A19103F-16F7-4668-BE54-9A1E7A4F7556}") = "_build", "build\_build.csproj", "{D0266B6B-844C-4412-B64D-D5A672A8B24D}"
EndProject
Project("{FAE04EC0-301F-11D3-BF4B-00C04F79EFBC}") = "Sample.Search", "src\Services\Sample.Search\Sample.Search.csproj", "{7B073EEF-9DCA-4CF6-9D25-EBAA23D31920}"
EndProject
Global
	GlobalSection(SolutionConfigurationPlatforms) = preSolution
		Debug|Any CPU = Debug|Any CPU
		Release|Any CPU = Release|Any CPU
	EndGlobalSection
	GlobalSection(ProjectConfigurationPlatforms) = postSolution
		{EDADDA4A-01D1-475F-832C-55AC0FEBDCB8}.Debug|Any CPU.ActiveCfg = Debug|Any CPU
		{EDADDA4A-01D1-475F-832C-55AC0FEBDCB8}.Debug|Any CPU.Build.0 = Debug|Any CPU
		{EDADDA4A-01D1-475F-832C-55AC0FEBDCB8}.Release|Any CPU.ActiveCfg = Release|Any CPU
		{EDADDA4A-01D1-475F-832C-55AC0FEBDCB8}.Release|Any CPU.Build.0 = Release|Any CPU
		{94277C54-425A-448D-AC23-3176AABBD916}.Debug|Any CPU.ActiveCfg = Debug|Any CPU
		{94277C54-425A-448D-AC23-3176AABBD916}.Debug|Any CPU.Build.0 = Debug|Any CPU
		{94277C54-425A-448D-AC23-3176AABBD916}.Release|Any CPU.ActiveCfg = Release|Any CPU
		{94277C54-425A-448D-AC23-3176AABBD916}.Release|Any CPU.Build.0 = Release|Any CPU
		{DAA0E965-2B2C-49BB-BDE3-7E8A3F4067BB}.Debug|Any CPU.ActiveCfg = Debug|Any CPU
		{DAA0E965-2B2C-49BB-BDE3-7E8A3F4067BB}.Debug|Any CPU.Build.0 = Debug|Any CPU
		{DAA0E965-2B2C-49BB-BDE3-7E8A3F4067BB}.Release|Any CPU.ActiveCfg = Release|Any CPU
		{DAA0E965-2B2C-49BB-BDE3-7E8A3F4067BB}.Release|Any CPU.Build.0 = Release|Any CPU
		{AF67F399-1BFA-43CF-AFA1-5EA386AEF5CE}.Debug|Any CPU.ActiveCfg = Debug|Any CPU
		{AF67F399-1BFA-43CF-AFA1-5EA386AEF5CE}.Debug|Any CPU.Build.0 = Debug|Any CPU
		{AF67F399-1BFA-43CF-AFA1-5EA386AEF5CE}.Release|Any CPU.ActiveCfg = Release|Any CPU
		{AF67F399-1BFA-43CF-AFA1-5EA386AEF5CE}.Release|Any CPU.Build.0 = Release|Any CPU
		{9423C703-389F-41CF-8C15-1030E2D525AB}.Debug|Any CPU.ActiveCfg = Debug|Any CPU
		{9423C703-389F-41CF-8C15-1030E2D525AB}.Debug|Any CPU.Build.0 = Debug|Any CPU
		{9423C703-389F-41CF-8C15-1030E2D525AB}.Release|Any CPU.ActiveCfg = Release|Any CPU
		{9423C703-389F-41CF-8C15-1030E2D525AB}.Release|Any CPU.Build.0 = Release|Any CPU
		{A562FBB9-F800-481D-887B-0D4013EB5940}.Debug|Any CPU.ActiveCfg = Debug|Any CPU
		{A562FBB9-F800-481D-887B-0D4013EB5940}.Debug|Any CPU.Build.0 = Debug|Any CPU
		{A562FBB9-F800-481D-887B-0D4013EB5940}.Release|Any CPU.ActiveCfg = Release|Any CPU
		{A562FBB9-F800-481D-887B-0D4013EB5940}.Release|Any CPU.Build.0 = Release|Any CPU
		{74EC9696-3DE6-4183-8545-827F51AFFB5C}.Debug|Any CPU.ActiveCfg = Debug|Any CPU
		{74EC9696-3DE6-4183-8545-827F51AFFB5C}.Debug|Any CPU.Build.0 = Debug|Any CPU
		{74EC9696-3DE6-4183-8545-827F51AFFB5C}.Release|Any CPU.ActiveCfg = Release|Any CPU
		{74EC9696-3DE6-4183-8545-827F51AFFB5C}.Release|Any CPU.Build.0 = Release|Any CPU
		{D0266B6B-844C-4412-B64D-D5A672A8B24D}.Debug|Any CPU.ActiveCfg = Debug|Any CPU
		{D0266B6B-844C-4412-B64D-D5A672A8B24D}.Release|Any CPU.ActiveCfg = Release|Any CPU
		{7B073EEF-9DCA-4CF6-9D25-EBAA23D31920}.Debug|Any CPU.ActiveCfg = Debug|Any CPU
		{7B073EEF-9DCA-4CF6-9D25-EBAA23D31920}.Debug|Any CPU.Build.0 = Debug|Any CPU
		{7B073EEF-9DCA-4CF6-9D25-EBAA23D31920}.Release|Any CPU.ActiveCfg = Release|Any CPU
		{7B073EEF-9DCA-4CF6-9D25-EBAA23D31920}.Release|Any CPU.Build.0 = Release|Any CPU
	EndGlobalSection
	GlobalSection(SolutionProperties) = preSolution
		HideSolutionNode = FALSE
	EndGlobalSection
	GlobalSection(NestedProjects) = preSolution
		{EDADDA4A-01D1-475F-832C-55AC0FEBDCB8} = {F2ACD9BD-1185-4376-893F-6AA109DB7BA4}
		{94277C54-425A-448D-AC23-3176AABBD916} = {F2ACD9BD-1185-4376-893F-6AA109DB7BA4}
		{DAA0E965-2B2C-49BB-BDE3-7E8A3F4067BB} = {F2ACD9BD-1185-4376-893F-6AA109DB7BA4}
		{AF67F399-1BFA-43CF-AFA1-5EA386AEF5CE} = {F2ACD9BD-1185-4376-893F-6AA109DB7BA4}
		{9423C703-389F-41CF-8C15-1030E2D525AB} = {0C0BB69A-E978-41C7-BD72-2CC342577A2C}
		{A562FBB9-F800-481D-887B-0D4013EB5940} = {71778EA3-293B-401C-9C90-9ED1E91B57AC}
		{74EC9696-3DE6-4183-8545-827F51AFFB5C} = {71778EA3-293B-401C-9C90-9ED1E91B57AC}
		{7B073EEF-9DCA-4CF6-9D25-EBAA23D31920} = {F2ACD9BD-1185-4376-893F-6AA109DB7BA4}
	EndGlobalSection
	GlobalSection(ExtensibilityGlobals) = postSolution
		SolutionGuid = {AE53AD29-5F72-4694-8CE7-936715835F19}
	EndGlobalSection
EndGlobal
